
Microsoft Visual Studio Solution File, Format Version 12.00
# Visual Studio 15
VisualStudioVersion = 15.0.26730.12
MinimumVisualStudioVersion = 10.0.40219.1
Project("{FAE04EC0-301F-11D3-BF4B-00C04F79EFBC}") = "LakewoodScoopScraper", "LakewoodScoopScraper\LakewoodScoopScraper.csproj", "{D7DF7E0C-8309-413E-B624-BE70AE78E9F4}"
EndProject
Project("{FAE04EC0-301F-11D3-BF4B-00C04F79EFBC}") = "LakewoodScoopScraper.API", "LakewoodScoopScraper.API\LakewoodScoopScraper.API.csproj", "{FA93A2D8-723F-4ADE-A770-5DE4DD7970BF}"
EndProject
Global
	GlobalSection(SolutionConfigurationPlatforms) = preSolution
		Debug|Any CPU = Debug|Any CPU
		Release|Any CPU = Release|Any CPU
	EndGlobalSection
	GlobalSection(ProjectConfigurationPlatforms) = postSolution
		{D7DF7E0C-8309-413E-B624-BE70AE78E9F4}.Debug|Any CPU.ActiveCfg = Debug|Any CPU
		{D7DF7E0C-8309-413E-B624-BE70AE78E9F4}.Debug|Any CPU.Build.0 = Debug|Any CPU
		{D7DF7E0C-8309-413E-B624-BE70AE78E9F4}.Release|Any CPU.ActiveCfg = Release|Any CPU
		{D7DF7E0C-8309-413E-B624-BE70AE78E9F4}.Release|Any CPU.Build.0 = Release|Any CPU
		{FA93A2D8-723F-4ADE-A770-5DE4DD7970BF}.Debug|Any CPU.ActiveCfg = Debug|Any CPU
		{FA93A2D8-723F-4ADE-A770-5DE4DD7970BF}.Debug|Any CPU.Build.0 = Debug|Any CPU
		{FA93A2D8-723F-4ADE-A770-5DE4DD7970BF}.Release|Any CPU.ActiveCfg = Release|Any CPU
		{FA93A2D8-723F-4ADE-A770-5DE4DD7970BF}.Release|Any CPU.Build.0 = Release|Any CPU
	EndGlobalSection
	GlobalSection(SolutionProperties) = preSolution
		HideSolutionNode = FALSE
	EndGlobalSection
	GlobalSection(ExtensibilityGlobals) = postSolution
		SolutionGuid = {8CFC8814-43AB-4E57-9BCD-DC3393409842}
	EndGlobalSection
EndGlobal
